
Microsoft Visual Studio Solution File, Format Version 12.00
# Visual Studio 15
VisualStudioVersion = 15.0.28307.572
MinimumVisualStudioVersion = 10.0.40219.1
Project("{FAE04EC0-301F-11D3-BF4B-00C04F79EFBC}") = "KRIP_PLAYFER", "KRIP_PLAYFER\KRIP_PLAYFER.csproj", "{CAF4FF43-D5E7-4C79-A483-DE697BE5992A}"
EndProject
Global
	GlobalSection(SolutionConfigurationPlatforms) = preSolution
		Debug|Any CPU = Debug|Any CPU
		Release|Any CPU = Release|Any CPU
	EndGlobalSection
	GlobalSection(ProjectConfigurationPlatforms) = postSolution
		{CAF4FF43-D5E7-4C79-A483-DE697BE5992A}.Debug|Any CPU.ActiveCfg = Debug|Any CPU
		{CAF4FF43-D5E7-4C79-A483-DE697BE5992A}.Debug|Any CPU.Build.0 = Debug|Any CPU
		{CAF4FF43-D5E7-4C79-A483-DE697BE5992A}.Release|Any CPU.ActiveCfg = Release|Any CPU
		{CAF4FF43-D5E7-4C79-A483-DE697BE5992A}.Release|Any CPU.Build.0 = Release|Any CPU
	EndGlobalSection
	GlobalSection(SolutionProperties) = preSolution
		HideSolutionNode = FALSE
	EndGlobalSection
	GlobalSection(ExtensibilityGlobals) = postSolution
		SolutionGuid = {6251F673-AF39-4A0F-B42D-8D2F2800C0CC}
	EndGlobalSection
EndGlobal
